
Microsoft Visual Studio Solution File, Format Version 12.00
# Visual Studio Version 17
VisualStudioVersion = 17.3.32901.215
MinimumVisualStudioVersion = 10.0.40219.1
Project("{FAE04EC0-301F-11D3-BF4B-00C04F79EFBC}") = "Pr15.1(c)", "Pr15.1(c)\Pr15.1(c).csproj", "{9BA2153A-2643-4314-A5F1-F93B623AE3CD}"
EndProject
Global
	GlobalSection(SolutionConfigurationPlatforms) = preSolution
		Debug|Any CPU = Debug|Any CPU
		Release|Any CPU = Release|Any CPU
	EndGlobalSection
	GlobalSection(ProjectConfigurationPlatforms) = postSolution
		{9BA2153A-2643-4314-A5F1-F93B623AE3CD}.Debug|Any CPU.ActiveCfg = Debug|Any CPU
		{9BA2153A-2643-4314-A5F1-F93B623AE3CD}.Debug|Any CPU.Build.0 = Debug|Any CPU
		{9BA2153A-2643-4314-A5F1-F93B623AE3CD}.Release|Any CPU.ActiveCfg = Release|Any CPU
		{9BA2153A-2643-4314-A5F1-F93B623AE3CD}.Release|Any CPU.Build.0 = Release|Any CPU
	EndGlobalSection
	GlobalSection(SolutionProperties) = preSolution
		HideSolutionNode = FALSE
	EndGlobalSection
	GlobalSection(ExtensibilityGlobals) = postSolution
		SolutionGuid = {64A78206-1E46-4ADA-BA88-96F65D4ACB51}
	EndGlobalSection
EndGlobal
